
Microsoft Visual Studio Solution File, Format Version 12.00
# Visual Studio Version 17
VisualStudioVersion = 17.14.36408.4 d17.14
MinimumVisualStudioVersion = 10.0.40219.1
Project("{FAE04EC0-301F-11D3-BF4B-00C04F79EFBC}") = "DesafioTecnicoAvanade.EstoqueApi", "DesafioTecnicoAvanade.EstoqueApi\DesafioTecnicoAvanade.EstoqueApi.csproj", "{C74E6EB9-7D28-4C85-B158-783D11B75565}"
EndProject
Global
	GlobalSection(SolutionConfigurationPlatforms) = preSolution
		Debug|Any CPU = Debug|Any CPU
		Release|Any CPU = Release|Any CPU
	EndGlobalSection
	GlobalSection(ProjectConfigurationPlatforms) = postSolution
		{C74E6EB9-7D28-4C85-B158-783D11B75565}.Debug|Any CPU.ActiveCfg = Debug|Any CPU
		{C74E6EB9-7D28-4C85-B158-783D11B75565}.Debug|Any CPU.Build.0 = Debug|Any CPU
		{C74E6EB9-7D28-4C85-B158-783D11B75565}.Release|Any CPU.ActiveCfg = Release|Any CPU
		{C74E6EB9-7D28-4C85-B158-783D11B75565}.Release|Any CPU.Build.0 = Release|Any CPU
	EndGlobalSection
	GlobalSection(SolutionProperties) = preSolution
		HideSolutionNode = FALSE
	EndGlobalSection
	GlobalSection(ExtensibilityGlobals) = postSolution
		SolutionGuid = {744158D1-2173-4F60-8C14-20228CFABE0D}
	EndGlobalSection
EndGlobal
